// !$*UTF8*$!
{
	archiveVersion = 1;
	classes = {
	};
	objectVersion = 77;
	objects = {

/* Begin PBXBuildFile section */
		4C63CDBB2FD0C5C50095DCAE /* ReadLater Share.appex in Embed Foundation Extensions */ = {isa = PBXBuildFile; fileRef = 4C63CDB12FD0C5C50095DCAE /* ReadLater Share.appex */; settings = {ATTRIBUTES = (RemoveHeadersOnCopy, ); }; };
		4C6E4A182FE6CD1E00D1DC24 /* WidgetKit.framework in Frameworks */ = {isa = PBXBuildFile; fileRef = 4C6E4A172FE6CD1E00D1DC24 /* WidgetKit.framework */; };
		4C6E4A1A2FE6CD1E00D1DC24 /* SwiftUI.framework in Frameworks */ = {isa = PBXBuildFile; fileRef = 4C6E4A192FE6CD1E00D1DC24 /* SwiftUI.framework */; };
		4C6E4A252FE6CD1F00D1DC24 /* Read This Later WidgetExtension.appex in Embed Foundation Extensions */ = {isa = PBXBuildFile; fileRef = 4C6E4A162FE6CD1E00D1DC24 /* Read This Later WidgetExtension.appex */; settings = {ATTRIBUTES = (RemoveHeadersOnCopy, ); }; };
		79DDE1652FFB0C1000F6A6BA /* ReadLater Extension (iOS).appex in Embed Foundation Extensions */ = {isa = PBXBuildFile; fileRef = 79DDE1612FFB0AA300F6A6BA /* ReadLater Extension (iOS).appex */; settings = {ATTRIBUTES = (RemoveHeadersOnCopy, ); }; };
/* End PBXBuildFile section */

/* Begin PBXContainerItemProxy section */
		4C63CDB92FD0C5C50095DCAE /* PBXContainerItemProxy */ = {
			isa = PBXContainerItemProxy;
			containerPortal = 4C63CCD02FD0798F0095DCAE /* Project object */;
			proxyType = 1;
			remoteGlobalIDString = 4C63CDB02FD0C5C50095DCAE;
			remoteInfo = "ReadLater Share";
		};
		4C6E4A232FE6CD1F00D1DC24 /* PBXContainerItemProxy */ = {
			isa = PBXContainerItemProxy;
			containerPortal = 4C63CCD02FD0798F0095DCAE /* Project object */;
			proxyType = 1;
			remoteGlobalIDString = 4C6E4A152FE6CD1E00D1DC24;
			remoteInfo = "Read This Later WidgetExtension";
		};
		79DDE1662FFB0C1000F6A6BA /* PBXContainerItemProxy */ = {
			isa = PBXContainerItemProxy;
			containerPortal = 4C63CCD02FD0798F0095DCAE /* Project object */;
			proxyType = 1;
			remoteGlobalIDString = 79DDE15A2FFB0AA300F6A6BA;
			remoteInfo = "ReadLater Extension (iOS)";
		};
/* End PBXContainerItemProxy section */

/* Begin PBXCopyFilesBuildPhase section */
		4C63CD3C2FD079910095DCAE /* Embed Foundation Extensions */ = {
			isa = PBXCopyFilesBuildPhase;
			buildActionMask = 2147483647;
			dstPath = "";
			dstSubfolderSpec = 13;
			files = (
				4C63CDBB2FD0C5C50095DCAE /* ReadLater Share.appex in Embed Foundation Extensions */,
				4C6E4A252FE6CD1F00D1DC24 /* Read This Later WidgetExtension.appex in Embed Foundation Extensions */,
				79DDE1652FFB0C1000F6A6BA /* ReadLater Extension (iOS).appex in Embed Foundation Extensions */,
			);
			name = "Embed Foundation Extensions";
			runOnlyForDeploymentPostprocessing = 0;
		};
/* End PBXCopyFilesBuildPhase section */

/* Begin PBXFileReference section */
		4C63CCEC2FD079910095DCAE /* ReadLater.app */ = {isa = PBXFileReference; explicitFileType = wrapper.application; includeInIndex = 0; path = ReadLater.app; sourceTree = BUILT_PRODUCTS_DIR; };
		4C63CD502FD087D80095DCAE /* ReadLater (iOS).entitlements */ = {isa = PBXFileReference; lastKnownFileType = text.plist.entitlements; path = "ReadLater (iOS).entitlements"; sourceTree = "<group>"; };
		4C63CDB12FD0C5C50095DCAE /* ReadLater Share.appex */ = {isa = PBXFileReference; explicitFileType = "wrapper.app-extension"; includeInIndex = 0; path = "ReadLater Share.appex"; sourceTree = BUILT_PRODUCTS_DIR; };
		4C6E4A162FE6CD1E00D1DC24 /* Read This Later WidgetExtension.appex */ = {isa = PBXFileReference; explicitFileType = "wrapper.app-extension"; includeInIndex = 0; path = "Read This Later WidgetExtension.appex"; sourceTree = BUILT_PRODUCTS_DIR; };
		4C6E4A172FE6CD1E00D1DC24 /* WidgetKit.framework */ = {isa = PBXFileReference; lastKnownFileType = wrapper.framework; name = WidgetKit.framework; path = System/Library/Frameworks/WidgetKit.framework; sourceTree = SDKROOT; };
		4C6E4A192FE6CD1E00D1DC24 /* SwiftUI.framework */ = {isa = PBXFileReference; lastKnownFileType = wrapper.framework; name = SwiftUI.framework; path = System/Library/Frameworks/SwiftUI.framework; sourceTree = SDKROOT; };
		79DDE1612FFB0AA300F6A6BA /* ReadLater Extension (iOS).appex */ = {isa = PBXFileReference; explicitFileType = "wrapper.app-extension"; includeInIndex = 0; path = "ReadLater Extension (iOS).appex"; sourceTree = BUILT_PRODUCTS_DIR; };
		79DDE1642FFB0B7E00F6A6BA /* ReadLater Extension (iOS).entitlements */ = {isa = PBXFileReference; lastKnownFileType = text.plist.entitlements; path = "ReadLater Extension (iOS).entitlements"; sourceTree = "<group>"; };
/* End PBXFileReference section */

/* Begin PBXFileSystemSynchronizedBuildFileExceptionSet section */
		4C63CD372FD079910095DCAE = {
			isa = PBXFileSystemSynchronizedBuildFileExceptionSet;
			membershipExceptions = (
				"/Localized: Resources/Main.html",
				AppTheme.swift,
				ArticleCategory.swift,
				Assets.xcassets,
				ReadLaterStore.swift,
				Resources/Icon.png,
				Resources/Script.js,
				Resources/Style.css,
				SaveURLIntent.swift,
			);
			target = 4C63CCEB2FD079910095DCAE /* ReadLater (iOS) */;
		};
		4C63CD402FD079910095DCAE = {
			isa = PBXFileSystemSynchronizedBuildFileExceptionSet;
			membershipExceptions = (
				Info.plist,
			);
			target = 4C63CCEB2FD079910095DCAE /* ReadLater (iOS) */;
		};
		4C63CDBF2FD0C5C50095DCAE = {
			isa = PBXFileSystemSynchronizedBuildFileExceptionSet;
			membershipExceptions = (
				Info.plist,
			);
			target = 4C63CDB02FD0C5C50095DCAE /* ReadLater Share */;
		};
		4C63CDC12FD0C5FD0095DCAE = {
			isa = PBXFileSystemSynchronizedBuildFileExceptionSet;
			membershipExceptions = (
				ReadLaterStore.swift,
			);
			target = 4C63CDB02FD0C5C50095DCAE /* ReadLater Share */;
		};
		4C6E4A292FE6CD1F00D1DC24 = {
			isa = PBXFileSystemSynchronizedBuildFileExceptionSet;
			membershipExceptions = (
				Info.plist,
			);
			target = 4C6E4A152FE6CD1E00D1DC24 /* Read This Later WidgetExtension */;
		};
		4C6E4A2B2FE6CE0100D1DC24 = {
			isa = PBXFileSystemSynchronizedBuildFileExceptionSet;
			membershipExceptions = (
				ReadLaterStore.swift,
			);
			target = 4C6E4A152FE6CD1E00D1DC24 /* Read This Later WidgetExtension */;
		};
		79DDE1692FFB0D2800F6A6BA = {
			isa = PBXFileSystemSynchronizedBuildFileExceptionSet;
			membershipExceptions = (
				Resources/_locales,
				Resources/background.js,
				Resources/content.js,
				Resources/images,
				Resources/manifest.json,
				Resources/popup.css,
				Resources/popup.html,
				Resources/popup.js,
				SafariWebExtensionHandler.swift,
			);
			target = 79DDE15A2FFB0AA300F6A6BA /* ReadLater Extension (iOS) */;
		};
		79DDE16B2FFB0D8700F6A6BA = {
			isa = PBXFileSystemSynchronizedBuildFileExceptionSet;
			membershipExceptions = (
				ReadLaterStore.swift,
			);
			target = 79DDE15A2FFB0AA300F6A6BA /* ReadLater Extension (iOS) */;
		};
/* End PBXFileSystemSynchronizedBuildFileExceptionSet section */

/* Begin PBXFileSystemSynchronizedRootGroup section */
		4C63CCD42FD0798F0095DCAE /* Shared (App) */ = {isa = PBXFileSystemSynchronizedRootGroup; exceptions = (4C63CD372FD079910095DCAE, 4C63CDC12FD0C5FD0095DCAE, 4C6E4A2B2FE6CE0100D1DC24, 79DDE16B2FFB0D8700F6A6BA, ); path = "Shared (App)"; sourceTree = "<group>"; };
		4C63CCDD2FD079910095DCAE /* Shared (Extension) */ = {isa = PBXFileSystemSynchronizedRootGroup; exceptions = (79DDE1692FFB0D2800F6A6BA, ); explicitFolders = (Resources/_locales, Resources/images, ); path = "Shared (Extension)"; sourceTree = "<group>"; };
		4C63CCEE2FD079910095DCAE /* iOS (App) */ = {isa = PBXFileSystemSynchronizedRootGroup; exceptions = (4C63CD402FD079910095DCAE, ); path = "iOS (App)"; sourceTree = "<group>"; };
		4C63CDB22FD0C5C50095DCAE /* ReadLater Share */ = {isa = PBXFileSystemSynchronizedRootGroup; exceptions = (4C63CDBF2FD0C5C50095DCAE, ); path = "ReadLater Share"; sourceTree = "<group>"; };
		4C6E4A1B2FE6CD1E00D1DC24 /* Read This Later Widget */ = {isa = PBXFileSystemSynchronizedRootGroup; exceptions = (4C6E4A292FE6CD1F00D1DC24, ); path = "Read This Later Widget"; sourceTree = "<group>"; };
/* End PBXFileSystemSynchronizedRootGroup section */

/* Begin PBXFrameworksBuildPhase section */
		4C63CCE92FD079910095DCAE /* Frameworks */ = {
			isa = PBXFrameworksBuildPhase;
			buildActionMask = 2147483647;
			files = (
			);
			runOnlyForDeploymentPostprocessing = 0;
		};
		4C63CDAE2FD0C5C50095DCAE /* Frameworks */ = {
			isa = PBXFrameworksBuildPhase;
			buildActionMask = 2147483647;
			files = (
			);
			runOnlyForDeploymentPostprocessing = 0;
		};
		4C6E4A132FE6CD1E00D1DC24 /* Frameworks */ = {
			isa = PBXFrameworksBuildPhase;
			buildActionMask = 2147483647;
			files = (
				4C6E4A1A2FE6CD1E00D1DC24 /* SwiftUI.framework in Frameworks */,
				4C6E4A182FE6CD1E00D1DC24 /* WidgetKit.framework in Frameworks */,
			);
			runOnlyForDeploymentPostprocessing = 0;
		};
		79DDE15C2FFB0AA300F6A6BA /* Frameworks */ = {
			isa = PBXFrameworksBuildPhase;
			buildActionMask = 2147483647;
			files = (
			);
			runOnlyForDeploymentPostprocessing = 0;
		};
/* End PBXFrameworksBuildPhase section */

/* Begin PBXGroup section */
		4C63CCCF2FD0798F0095DCAE = {
			isa = PBXGroup;
			children = (
				79DDE1642FFB0B7E00F6A6BA /* ReadLater Extension (iOS).entitlements */,
				4C63CD502FD087D80095DCAE /* ReadLater (iOS).entitlements */,
				4C63CCD42FD0798F0095DCAE /* Shared (App) */,
				4C63CCDD2FD079910095DCAE /* Shared (Extension) */,
				4C63CCEE2FD079910095DCAE /* iOS (App) */,
				4C63CDB22FD0C5C50095DCAE /* ReadLater Share */,
				4C6E4A1B2FE6CD1E00D1DC24 /* Read This Later Widget */,
				4C63CDA22FD0A6D90095DCAE /* Frameworks */,
				4C63CCED2FD079910095DCAE /* Products */,
			);
			sourceTree = "<group>";
		};
		4C63CCED2FD079910095DCAE /* Products */ = {
			isa = PBXGroup;
			children = (
				4C63CCEC2FD079910095DCAE /* ReadLater.app */,
				4C63CDB12FD0C5C50095DCAE /* ReadLater Share.appex */,
				4C6E4A162FE6CD1E00D1DC24 /* Read This Later WidgetExtension.appex */,
				79DDE1612FFB0AA300F6A6BA /* ReadLater Extension (iOS).appex */,
			);
			name = Products;
			sourceTree = "<group>";
		};
		4C63CDA22FD0A6D90095DCAE /* Frameworks */ = {
			isa = PBXGroup;
			children = (
				4C6E4A172FE6CD1E00D1DC24 /* WidgetKit.framework */,
				4C6E4A192FE6CD1E00D1DC24 /* SwiftUI.framework */,
			);
			name = Frameworks;
			sourceTree = "<group>";
		};
/* End PBXGroup section */

/* Begin PBXNativeTarget section */
		4C63CCEB2FD079910095DCAE /* ReadLater (iOS) */ = {
			isa = PBXNativeTarget;
			buildConfigurationList = 4C63CD3D2FD079910095DCAE /* Build configuration list for PBXNativeTarget "ReadLater (iOS)" */;
			buildPhases = (
				4C63CCE82FD079910095DCAE /* Sources */,
				4C63CCE92FD079910095DCAE /* Frameworks */,
				4C63CCEA2FD079910095DCAE /* Resources */,
				4C63CD3C2FD079910095DCAE /* Embed Foundation Extensions */,
			);
			buildRules = (
			);
			dependencies = (
				4C63CDBA2FD0C5C50095DCAE /* PBXTargetDependency */,
				4C6E4A242FE6CD1F00D1DC24 /* PBXTargetDependency */,
				79DDE1672FFB0C1000F6A6BA /* PBXTargetDependency */,
			);
			fileSystemSynchronizedGroups = (
				4C63CCEE2FD079910095DCAE /* iOS (App) */,
			);
			name = "ReadLater (iOS)";
			packageProductDependencies = (
			);
			productName = "ReadLater (iOS)";
			productReference = 4C63CCEC2FD079910095DCAE /* ReadLater.app */;
			productType = "com.apple.product-type.application";
		};
		4C63CDB02FD0C5C50095DCAE /* ReadLater Share */ = {
			isa = PBXNativeTarget;
			buildConfigurationList = 4C63CDBC2FD0C5C50095DCAE /* Build configuration list for PBXNativeTarget "ReadLater Share" */;
			buildPhases = (
				4C63CDAD2FD0C5C50095DCAE /* Sources */,
				4C63CDAE2FD0C5C50095DCAE /* Frameworks */,
				4C63CDAF2FD0C5C50095DCAE /* Resources */,
			);
			buildRules = (
			);
			dependencies = (
			);
			fileSystemSynchronizedGroups = (
				4C63CDB22FD0C5C50095DCAE /* ReadLater Share */,
			);
			name = "ReadLater Share";
			packageProductDependencies = (
			);
			productName = "ReadLater Share";
			productReference = 4C63CDB12FD0C5C50095DCAE /* ReadLater Share.appex */;
			productType = "com.apple.product-type.app-extension";
		};
		4C6E4A152FE6CD1E00D1DC24 /* Read This Later WidgetExtension */ = {
			isa = PBXNativeTarget;
			buildConfigurationList = 4C6E4A282FE6CD1F00D1DC24 /* Build configuration list for PBXNativeTarget "Read This Later WidgetExtension" */;
			buildPhases = (
				4C6E4A122FE6CD1E00D1DC24 /* Sources */,
				4C6E4A132FE6CD1E00D1DC24 /* Frameworks */,
				4C6E4A142FE6CD1E00D1DC24 /* Resources */,
			);
			buildRules = (
			);
			dependencies = (
			);
			fileSystemSynchronizedGroups = (
				4C6E4A1B2FE6CD1E00D1DC24 /* Read This Later Widget */,
			);
			name = "Read This Later WidgetExtension";
			packageProductDependencies = (
			);
			productName = "Read This Later WidgetExtension";
			productReference = 4C6E4A162FE6CD1E00D1DC24 /* Read This Later WidgetExtension.appex */;
			productType = "com.apple.product-type.app-extension";
		};
		79DDE15A2FFB0AA300F6A6BA /* ReadLater Extension (iOS) */ = {
			isa = PBXNativeTarget;
			buildConfigurationList = 79DDE15E2FFB0AA300F6A6BA /* Build configuration list for PBXNativeTarget "ReadLater Extension (iOS)" */;
			buildPhases = (
				79DDE15B2FFB0AA300F6A6BA /* Sources */,
				79DDE15C2FFB0AA300F6A6BA /* Frameworks */,
				79DDE15D2FFB0AA300F6A6BA /* Resources */,
			);
			buildRules = (
			);
			dependencies = (
			);
			name = "ReadLater Extension (iOS)";
			packageProductDependencies = (
			);
			productName = "ReadLater Extension (iOS)";
			productReference = 79DDE1612FFB0AA300F6A6BA /* ReadLater Extension (iOS).appex */;
			productType = "com.apple.product-type.app-extension";
		};
/* End PBXNativeTarget section */

/* Begin PBXProject section */
		4C63CCD02FD0798F0095DCAE /* Project object */ = {
			isa = PBXProject;
			attributes = {
				BuildIndependentTargetsInParallel = 1;
				LastSwiftUpdateCheck = 2650;
				LastUpgradeCheck = 2650;
				TargetAttributes = {
					4C63CCEB2FD079910095DCAE = {
						CreatedOnToolsVersion = 26.5;
					};
					4C63CDB02FD0C5C50095DCAE = {
						CreatedOnToolsVersion = 26.5;
					};
					4C6E4A152FE6CD1E00D1DC24 = {
						CreatedOnToolsVersion = 26.5;
					};
				};
			};
			buildConfigurationList = 4C63CCD32FD0798F0095DCAE /* Build configuration list for PBXProject "ReadLater (iOS)" */;
			developmentRegion = en;
			hasScannedForEncodings = 0;
			knownRegions = (
				en,
				Base,
			);
			mainGroup = 4C63CCCF2FD0798F0095DCAE;
			minimizedProjectReferenceProxies = 1;
			preferredProjectObjectVersion = 77;
			productRefGroup = 4C63CCED2FD079910095DCAE /* Products */;
			projectDirPath = "";
			projectRoot = "";
			targets = (
				4C63CCEB2FD079910095DCAE /* ReadLater (iOS) */,
				4C63CDB02FD0C5C50095DCAE /* ReadLater Share */,
				4C6E4A152FE6CD1E00D1DC24 /* Read This Later WidgetExtension */,
				79DDE15A2FFB0AA300F6A6BA /* ReadLater Extension (iOS) */,
			);
		};
/* End PBXProject section */

/* Begin PBXResourcesBuildPhase section */
		4C63CCEA2FD079910095DCAE /* Resources */ = {
			isa = PBXResourcesBuildPhase;
			buildActionMask = 2147483647;
			files = (
			);
			runOnlyForDeploymentPostprocessing = 0;
		};
		4C63CDAF2FD0C5C50095DCAE /* Resources */ = {
			isa = PBXResourcesBuildPhase;
			buildActionMask = 2147483647;
			files = (
			);
			runOnlyForDeploymentPostprocessing = 0;
		};
		4C6E4A142FE6CD1E00D1DC24 /* Resources */ = {
			isa = PBXResourcesBuildPhase;
			buildActionMask = 2147483647;
			files = (
			);
			runOnlyForDeploymentPostprocessing = 0;
		};
		79DDE15D2FFB0AA300F6A6BA /* Resources */ = {
			isa = PBXResourcesBuildPhase;
			buildActionMask = 2147483647;
			files = (
			);
			runOnlyForDeploymentPostprocessing = 0;
		};
/* End PBXResourcesBuildPhase section */

/* Begin PBXSourcesBuildPhase section */
		4C63CCE82FD079910095DCAE /* Sources */ = {
			isa = PBXSourcesBuildPhase;
			buildActionMask = 2147483647;
			files = (
			);
			runOnlyForDeploymentPostprocessing = 0;
		};
		4C63CDAD2FD0C5C50095DCAE /* Sources */ = {
			isa = PBXSourcesBuildPhase;
			buildActionMask = 2147483647;
			files = (
			);
			runOnlyForDeploymentPostprocessing = 0;
		};
		4C6E4A122FE6CD1E00D1DC24 /* Sources */ = {
			isa = PBXSourcesBuildPhase;
			buildActionMask = 2147483647;
			files = (
			);
			runOnlyForDeploymentPostprocessing = 0;
		};
		79DDE15B2FFB0AA300F6A6BA /* Sources */ = {
			isa = PBXSourcesBuildPhase;
			buildActionMask = 2147483647;
			files = (
			);
			runOnlyForDeploymentPostprocessing = 0;
		};
/* End PBXSourcesBuildPhase section */

/* Begin PBXTargetDependency section */
		4C63CDBA2FD0C5C50095DCAE /* PBXTargetDependency */ = {
			isa = PBXTargetDependency;
			target = 4C63CDB02FD0C5C50095DCAE /* ReadLater Share */;
			targetProxy = 4C63CDB92FD0C5C50095DCAE /* PBXContainerItemProxy */;
		};
		4C6E4A242FE6CD1F00D1DC24 /* PBXTargetDependency */ = {
			isa = PBXTargetDependency;
			target = 4C6E4A152FE6CD1E00D1DC24 /* Read This Later WidgetExtension */;
			targetProxy = 4C6E4A232FE6CD1F00D1DC24 /* PBXContainerItemProxy */;
		};
		79DDE1672FFB0C1000F6A6BA /* PBXTargetDependency */ = {
			isa = PBXTargetDependency;
			target = 79DDE15A2FFB0AA300F6A6BA /* ReadLater Extension (iOS) */;
			targetProxy = 79DDE1662FFB0C1000F6A6BA /* PBXContainerItemProxy */;
		};
/* End PBXTargetDependency section */

/* Begin XCBuildConfiguration section */
		4C63CD3E2FD079910095DCAE /* Debug */ = {
			isa = XCBuildConfiguration;
			buildSettings = {
				ASSETCATALOG_COMPILER_APPICON_NAME = AppIcon;
				ASSETCATALOG_COMPILER_GLOBAL_ACCENT_COLOR_NAME = AccentColor;
				ASSETCATALOG_COMPILER_INCLUDE_ALL_APPICON_ASSETS = NO;
				CODE_SIGN_ENTITLEMENTS = "ReadLater (iOS).entitlements";
				CODE_SIGN_STYLE = Automatic;
				CURRENT_PROJECT_VERSION = 30;
				DEVELOPMENT_TEAM = 95E9CZ9HW6;
				GENERATE_INFOPLIST_FILE = YES;
				INFOPLIST_FILE = "iOS (App)/Info.plist";
				INFOPLIST_KEY_CFBundleDisplayName = "RTL: Research Sync";
				INFOPLIST_KEY_UIApplicationSupportsIndirectInputEvents = YES;
				INFOPLIST_KEY_UILaunchStoryboardName = LaunchScreen;
				INFOPLIST_KEY_UIMainStoryboardFile = Main;
				INFOPLIST_KEY_UISupportedInterfaceOrientations = "UIInterfaceOrientationPortrait UIInterfaceOrientationLandscapeLeft UIInterfaceOrientationLandscapeRight";
				INFOPLIST_KEY_UISupportedInterfaceOrientations_iPad = "UIInterfaceOrientationPortrait UIInterfaceOrientationPortraitUpsideDown UIInterfaceOrientationLandscapeLeft UIInterfaceOrientationLandscapeRight";
				IPHONEOS_DEPLOYMENT_TARGET = 16.0;
				LD_RUNPATH_SEARCH_PATHS = (
					"$(inherited)",
					"@executable_path/Frameworks",
				);
				MARKETING_VERSION = 1.0;
				OTHER_LDFLAGS = (
					"-framework",
					SafariServices,
					"-framework",
					WebKit,
				);
				PRODUCT_BUNDLE_IDENTIFIER = com.mdshear.ReadLater;
				PRODUCT_NAME = ReadLater;
				SDKROOT = iphoneos;
				STRING_CATALOG_GENERATE_SYMBOLS = YES;
				SWIFT_APPROACHABLE_CONCURRENCY = YES;
				SWIFT_DEFAULT_ACTOR_ISOLATION = MainActor;
				SWIFT_EMIT_LOC_STRINGS = YES;
				SWIFT_UPCOMING_FEATURE_MEMBER_IMPORT_VISIBILITY = YES;
				SWIFT_VERSION = 5.0;
				TARGETED_DEVICE_FAMILY = "1,2";
			};
			name = Debug;
		};
		4C63CD3F2FD079910095DCAE /* Release */ = {
			isa = XCBuildConfiguration;
			buildSettings = {
				ASSETCATALOG_COMPILER_APPICON_NAME = AppIcon;
				ASSETCATALOG_COMPILER_GLOBAL_ACCENT_COLOR_NAME = AccentColor;
				ASSETCATALOG_COMPILER_INCLUDE_ALL_APPICON_ASSETS = NO;
				CODE_SIGN_ENTITLEMENTS = "ReadLater (iOS).entitlements";
				CODE_SIGN_STYLE = Automatic;
				CURRENT_PROJECT_VERSION = 30;
				DEVELOPMENT_TEAM = 95E9CZ9HW6;
				GENERATE_INFOPLIST_FILE = YES;
				INFOPLIST_FILE = "iOS (App)/Info.plist";
				INFOPLIST_KEY_CFBundleDisplayName = "RTL: Research Sync";
				INFOPLIST_KEY_UIApplicationSupportsIndirectInputEvents = YES;
				INFOPLIST_KEY_UILaunchStoryboardName = LaunchScreen;
				INFOPLIST_KEY_UIMainStoryboardFile = Main;
				INFOPLIST_KEY_UISupportedInterfaceOrientations = "UIInterfaceOrientationPortrait UIInterfaceOrientationLandscapeLeft UIInterfaceOrientationLandscapeRight";
				INFOPLIST_KEY_UISupportedInterfaceOrientations_iPad = "UIInterfaceOrientationPortrait UIInterfaceOrientationPortraitUpsideDown UIInterfaceOrientationLandscapeLeft UIInterfaceOrientationLandscapeRight";
				IPHONEOS_DEPLOYMENT_TARGET = 16.0;
				LD_RUNPATH_SEARCH_PATHS = (
					"$(inherited)",
					"@executable_path/Frameworks",
				);
				MARKETING_VERSION = 1.0;
				OTHER_LDFLAGS = (
					"-framework",
					SafariServices,
					"-framework",
					WebKit,
				);
				PRODUCT_BUNDLE_IDENTIFIER = com.mdshear.ReadLater;
				PRODUCT_NAME = ReadLater;
				SDKROOT = iphoneos;
				STRING_CATALOG_GENERATE_SYMBOLS = YES;
				SWIFT_APPROACHABLE_CONCURRENCY = YES;
				SWIFT_DEFAULT_ACTOR_ISOLATION = MainActor;
				SWIFT_EMIT_LOC_STRINGS = YES;
				SWIFT_UPCOMING_FEATURE_MEMBER_IMPORT_VISIBILITY = YES;
				SWIFT_VERSION = 5.0;
				TARGETED_DEVICE_FAMILY = "1,2";
				VALIDATE_PRODUCT = YES;
			};
			name = Release;
		};
		4C63CD4C2FD079910095DCAE /* Debug */ = {
			isa = XCBuildConfiguration;
			buildSettings = {
				ALWAYS_SEARCH_USER_PATHS = NO;
				ASSETCATALOG_COMPILER_GENERATE_SWIFT_ASSET_SYMBOL_EXTENSIONS = YES;
				CLANG_ANALYZER_NONNULL = YES;
				CLANG_ANALYZER_NUMBER_OBJECT_CONVERSION = YES_AGGRESSIVE;
				CLANG_CXX_LANGUAGE_STANDARD = "gnu++20";
				CLANG_ENABLE_MODULES = YES;
				CLANG_ENABLE_OBJC_ARC = YES;
				CLANG_ENABLE_OBJC_WEAK = YES;
				CLANG_WARN_BLOCK_CAPTURE_AUTORELEASING = YES;
				CLANG_WARN_BOOL_CONVERSION = YES;
				CLANG_WARN_COMMA = YES;
				CLANG_WARN_CONSTANT_CONVERSION = YES;
				CLANG_WARN_DEPRECATED_OBJC_IMPLEMENTATIONS = YES;
				CLANG_WARN_DIRECT_OBJC_ISA_USAGE = YES_ERROR;
				CLANG_WARN_DOCUMENTATION_COMMENTS = YES;
				CLANG_WARN_EMPTY_BODY = YES;
				CLANG_WARN_ENUM_CONVERSION = YES;
				CLANG_WARN_INFINITE_RECURSION = YES;
				CLANG_WARN_INT_CONVERSION = YES;
				CLANG_WARN_NON_LITERAL_NULL_CONVERSION = YES;
				CLANG_WARN_OBJC_IMPLICIT_RETAIN_SELF = YES;
				CLANG_WARN_OBJC_LITERAL_CONVERSION = YES;
				CLANG_WARN_OBJC_ROOT_CLASS = YES_ERROR;
				CLANG_WARN_QUOTED_INCLUDE_IN_FRAMEWORK_HEADER = YES;
				CLANG_WARN_RANGE_LOOP_ANALYSIS = YES;
				CLANG_WARN_STRICT_PROTOTYPES = YES;
				CLANG_WARN_SUSPICIOUS_MOVE = YES;
				CLANG_WARN_UNGUARDED_AVAILABILITY = YES_AGGRESSIVE;
				CLANG_WARN_UNREACHABLE_CODE = YES;
				CLANG_WARN__DUPLICATE_METHOD_MATCH = YES;
				COPY_PHASE_STRIP = NO;
				DEBUG_INFORMATION_FORMAT = dwarf;
				DEVELOPMENT_TEAM = 95E9CZ9HW6;
				ENABLE_STRICT_OBJC_MSGSEND = YES;
				ENABLE_TESTABILITY = YES;
				ENABLE_USER_SCRIPT_SANDBOXING = YES;
				GCC_C_LANGUAGE_STANDARD = gnu17;
				GCC_DYNAMIC_NO_PIC = NO;
				GCC_NO_COMMON_BLOCKS = YES;
				GCC_OPTIMIZATION_LEVEL = 0;
				GCC_PREPROCESSOR_DEFINITIONS = (
					"DEBUG=1",
					"$(inherited)",
				);
				GCC_WARN_64_TO_32_BIT_CONVERSION = YES;
				GCC_WARN_ABOUT_RETURN_TYPE = YES_ERROR;
				GCC_WARN_UNDECLARED_SELECTOR = YES;
				GCC_WARN_UNINITIALIZED_AUTOS = YES_AGGRESSIVE;
				GCC_WARN_UNUSED_FUNCTION = YES;
				GCC_WARN_UNUSED_VARIABLE = YES;
				LOCALIZATION_PREFERS_STRING_CATALOGS = YES;
				MTL_ENABLE_DEBUG_INFO = INCLUDE_SOURCE;
				MTL_FAST_MATH = YES;
				ONLY_ACTIVE_ARCH = YES;
				SWIFT_ACTIVE_COMPILATION_CONDITIONS = "DEBUG $(inherited)";
				SWIFT_OPTIMIZATION_LEVEL = "-Onone";
			};
			name = Debug;
		};
		4C63CD4D2FD079910095DCAE /* Release */ = {
			isa = XCBuildConfiguration;
			buildSettings = {
				ALWAYS_SEARCH_USER_PATHS = NO;
				ASSETCATALOG_COMPILER_GENERATE_SWIFT_ASSET_SYMBOL_EXTENSIONS = YES;
				CLANG_ANALYZER_NONNULL = YES;
				CLANG_ANALYZER_NUMBER_OBJECT_CONVERSION = YES_AGGRESSIVE;
				CLANG_CXX_LANGUAGE_STANDARD = "gnu++20";
				CLANG_ENABLE_MODULES = YES;
				CLANG_ENABLE_OBJC_ARC = YES;
				CLANG_ENABLE_OBJC_WEAK = YES;
				CLANG_WARN_BLOCK_CAPTURE_AUTORELEASING = YES;
				CLANG_WARN_BOOL_CONVERSION = YES;
				CLANG_WARN_COMMA = YES;
				CLANG_WARN_CONSTANT_CONVERSION = YES;
				CLANG_WARN_DEPRECATED_OBJC_IMPLEMENTATIONS = YES;
				CLANG_WARN_DIRECT_OBJC_ISA_USAGE = YES_ERROR;
				CLANG_WARN_DOCUMENTATION_COMMENTS = YES;
				CLANG_WARN_EMPTY_BODY = YES;
				CLANG_WARN_ENUM_CONVERSION = YES;
				CLANG_WARN_INFINITE_RECURSION = YES;
				CLANG_WARN_INT_CONVERSION = YES;
				CLANG_WARN_NON_LITERAL_NULL_CONVERSION = YES;
				CLANG_WARN_OBJC_IMPLICIT_RETAIN_SELF = YES;
				CLANG_WARN_OBJC_LITERAL_CONVERSION = YES;
				CLANG_WARN_OBJC_ROOT_CLASS = YES_ERROR;
				CLANG_WARN_QUOTED_INCLUDE_IN_FRAMEWORK_HEADER = YES;
				CLANG_WARN_RANGE_LOOP_ANALYSIS = YES;
				CLANG_WARN_STRICT_PROTOTYPES = YES;
				CLANG_WARN_SUSPICIOUS_MOVE = YES;
				CLANG_WARN_UNGUARDED_AVAILABILITY = YES_AGGRESSIVE;
				CLANG_WARN_UNREACHABLE_CODE = YES;
				CLANG_WARN__DUPLICATE_METHOD_MATCH = YES;
				COPY_PHASE_STRIP = NO;
				DEBUG_INFORMATION_FORMAT = "dwarf-with-dsym";
				DEVELOPMENT_TEAM = 95E9CZ9HW6;
				ENABLE_NS_ASSERTIONS = NO;
				ENABLE_STRICT_OBJC_MSGSEND = YES;
				ENABLE_USER_SCRIPT_SANDBOXING = YES;
				GCC_C_LANGUAGE_STANDARD = gnu17;
				GCC_NO_COMMON_BLOCKS = YES;
				GCC_WARN_64_TO_32_BIT_CONVERSION = YES;
				GCC_WARN_ABOUT_RETURN_TYPE = YES_ERROR;
				GCC_WARN_UNDECLARED_SELECTOR = YES;
				GCC_WARN_UNINITIALIZED_AUTOS = YES_AGGRESSIVE;
				GCC_WARN_UNUSED_FUNCTION = YES;
				GCC_WARN_UNUSED_VARIABLE = YES;
				LOCALIZATION_PREFERS_STRING_CATALOGS = YES;
				MTL_ENABLE_DEBUG_INFO = NO;
				MTL_FAST_MATH = YES;
				SWIFT_COMPILATION_MODE = wholemodule;
			};
			name = Release;
		};
		4C63CDBD2FD0C5C50095DCAE /* Debug */ = {
			isa = XCBuildConfiguration;
			buildSettings = {
				CODE_SIGN_ENTITLEMENTS = "ReadLater Share/ReadLater Share.entitlements";
				CODE_SIGN_STYLE = Automatic;
				CURRENT_PROJECT_VERSION = 30;
				DEVELOPMENT_TEAM = 95E9CZ9HW6;
				GENERATE_INFOPLIST_FILE = YES;
				INFOPLIST_FILE = "ReadLater Share/Info.plist";
				INFOPLIST_KEY_CFBundleDisplayName = "ReadLater Share";
				INFOPLIST_KEY_NSHumanReadableCopyright = "";
				IPHONEOS_DEPLOYMENT_TARGET = 16.0;
				LD_RUNPATH_SEARCH_PATHS = (
					"$(inherited)",
					"@executable_path/Frameworks",
					"@executable_path/../../Frameworks",
				);
				MARKETING_VERSION = 1.0;
				PRODUCT_BUNDLE_IDENTIFIER = com.mdshear.ReadLater.Share;
				PRODUCT_NAME = "$(TARGET_NAME)";
				SDKROOT = iphoneos;
				SKIP_INSTALL = YES;
				STRING_CATALOG_GENERATE_SYMBOLS = YES;
				SWIFT_APPROACHABLE_CONCURRENCY = YES;
				SWIFT_EMIT_LOC_STRINGS = YES;
				SWIFT_UPCOMING_FEATURE_MEMBER_IMPORT_VISIBILITY = YES;
				SWIFT_VERSION = 5.0;
				TARGETED_DEVICE_FAMILY = "1,2";
			};
			name = Debug;
		};
		4C63CDBE2FD0C5C50095DCAE /* Release */ = {
			isa = XCBuildConfiguration;
			buildSettings = {
				CODE_SIGN_ENTITLEMENTS = "ReadLater Share/ReadLater Share.entitlements";
				CODE_SIGN_STYLE = Automatic;
				CURRENT_PROJECT_VERSION = 30;
				DEVELOPMENT_TEAM = 95E9CZ9HW6;
				GENERATE_INFOPLIST_FILE = YES;
				INFOPLIST_FILE = "ReadLater Share/Info.plist";
				INFOPLIST_KEY_CFBundleDisplayName = "ReadLater Share";
				INFOPLIST_KEY_NSHumanReadableCopyright = "";
				IPHONEOS_DEPLOYMENT_TARGET = 16.0;
				LD_RUNPATH_SEARCH_PATHS = (
					"$(inherited)",
					"@executable_path/Frameworks",
					"@executable_path/../../Frameworks",
				);
				MARKETING_VERSION = 1.0;
				PRODUCT_BUNDLE_IDENTIFIER = com.mdshear.ReadLater.Share;
				PRODUCT_NAME = "$(TARGET_NAME)";
				SDKROOT = iphoneos;
				SKIP_INSTALL = YES;
				STRING_CATALOG_GENERATE_SYMBOLS = YES;
				SWIFT_APPROACHABLE_CONCURRENCY = YES;
				SWIFT_EMIT_LOC_STRINGS = YES;
				SWIFT_UPCOMING_FEATURE_MEMBER_IMPORT_VISIBILITY = YES;
				SWIFT_VERSION = 5.0;
				TARGETED_DEVICE_FAMILY = "1,2";
				VALIDATE_PRODUCT = YES;
			};
			name = Release;
		};
		4C6E4A262FE6CD1F00D1DC24 /* Debug */ = {
			isa = XCBuildConfiguration;
			buildSettings = {
				ASSETCATALOG_COMPILER_GLOBAL_ACCENT_COLOR_NAME = AccentColor;
				ASSETCATALOG_COMPILER_WIDGET_BACKGROUND_COLOR_NAME = WidgetBackground;
				CODE_SIGN_ENTITLEMENTS = "Read This Later Widget/Read This Later Widget.entitlements";
				CODE_SIGN_STYLE = Automatic;
				CURRENT_PROJECT_VERSION = 30;
				DEVELOPMENT_TEAM = 95E9CZ9HW6;
				GENERATE_INFOPLIST_FILE = YES;
				INFOPLIST_FILE = "Read This Later Widget/Info.plist";
				INFOPLIST_KEY_CFBundleDisplayName = "Read This Later: Research Sync";
				INFOPLIST_KEY_NSHumanReadableCopyright = "";
				IPHONEOS_DEPLOYMENT_TARGET = 16.0;
				LD_RUNPATH_SEARCH_PATHS = (
					"$(inherited)",
					"@executable_path/Frameworks",
					"@executable_path/../../Frameworks",
				);
				MARKETING_VERSION = 1.0;
				PRODUCT_BUNDLE_IDENTIFIER = com.mdshear.ReadLater.Widget;
				PRODUCT_NAME = "$(TARGET_NAME)";
				SDKROOT = iphoneos;
				SKIP_INSTALL = YES;
				STRING_CATALOG_GENERATE_SYMBOLS = YES;
				SWIFT_APPROACHABLE_CONCURRENCY = YES;
				SWIFT_EMIT_LOC_STRINGS = YES;
				SWIFT_UPCOMING_FEATURE_MEMBER_IMPORT_VISIBILITY = YES;
				SWIFT_VERSION = 5.0;
				TARGETED_DEVICE_FAMILY = "1,2";
			};
			name = Debug;
		};
		4C6E4A272FE6CD1F00D1DC24 /* Release */ = {
			isa = XCBuildConfiguration;
			buildSettings = {
				ASSETCATALOG_COMPILER_GLOBAL_ACCENT_COLOR_NAME = AccentColor;
				ASSETCATALOG_COMPILER_WIDGET_BACKGROUND_COLOR_NAME = WidgetBackground;
				CODE_SIGN_ENTITLEMENTS = "Read This Later Widget/Read This Later Widget.entitlements";
				CODE_SIGN_STYLE = Automatic;
				CURRENT_PROJECT_VERSION = 30;
				DEVELOPMENT_TEAM = 95E9CZ9HW6;
				GENERATE_INFOPLIST_FILE = YES;
				INFOPLIST_FILE = "Read This Later Widget/Info.plist";
				INFOPLIST_KEY_CFBundleDisplayName = "Read This Later: Research Sync";
				INFOPLIST_KEY_NSHumanReadableCopyright = "";
				IPHONEOS_DEPLOYMENT_TARGET = 16.0;
				LD_RUNPATH_SEARCH_PATHS = (
					"$(inherited)",
					"@executable_path/Frameworks",
					"@executable_path/../../Frameworks",
				);
				MARKETING_VERSION = 1.0;
				PRODUCT_BUNDLE_IDENTIFIER = com.mdshear.ReadLater.Widget;
				PRODUCT_NAME = "$(TARGET_NAME)";
				SDKROOT = iphoneos;
				SKIP_INSTALL = YES;
				STRING_CATALOG_GENERATE_SYMBOLS = YES;
				SWIFT_APPROACHABLE_CONCURRENCY = YES;
				SWIFT_EMIT_LOC_STRINGS = YES;
				SWIFT_UPCOMING_FEATURE_MEMBER_IMPORT_VISIBILITY = YES;
				SWIFT_VERSION = 5.0;
				TARGETED_DEVICE_FAMILY = "1,2";
				VALIDATE_PRODUCT = YES;
			};
			name = Release;
		};
		79DDE15F2FFB0AA300F6A6BA /* Debug */ = {
			isa = XCBuildConfiguration;
			buildSettings = {
				CODE_SIGN_ENTITLEMENTS = "ReadLater Extension (iOS).entitlements";
				CODE_SIGN_STYLE = Automatic;
				CURRENT_PROJECT_VERSION = 30;
				DEVELOPMENT_TEAM = 95E9CZ9HW6;
				GENERATE_INFOPLIST_FILE = YES;
				INFOPLIST_FILE = "iOS (Extension)/Info.plist";
				INFOPLIST_KEY_CFBundleDisplayName = "ReadLater Extension";
				INFOPLIST_KEY_NSHumanReadableCopyright = "";
				IPHONEOS_DEPLOYMENT_TARGET = 17.6;
				LD_RUNPATH_SEARCH_PATHS = (
					"$(inherited)",
					"@executable_path/../Frameworks",
					"@executable_path/../../../../Frameworks",
				);
				MARKETING_VERSION = 1.0;
				OTHER_LDFLAGS = (
					"-framework",
					SafariServices,
				);
				PRODUCT_BUNDLE_IDENTIFIER = com.mdshear.ReadLater.Extension.iOS;
				PRODUCT_NAME = "$(TARGET_NAME)";
				REGISTER_APP_GROUPS = YES;
				SDKROOT = iphoneos;
				SKIP_INSTALL = YES;
				STRING_CATALOG_GENERATE_SYMBOLS = YES;
				SUPPORTED_PLATFORMS = "iphoneos iphonesimulator";
				SWIFT_APPROACHABLE_CONCURRENCY = YES;
				SWIFT_EMIT_LOC_STRINGS = YES;
				SWIFT_UPCOMING_FEATURE_MEMBER_IMPORT_VISIBILITY = YES;
				SWIFT_VERSION = 5.0;
				TARGETED_DEVICE_FAMILY = 1;
			};
			name = Debug;
		};
		79DDE1602FFB0AA300F6A6BA /* Release */ = {
			isa = XCBuildConfiguration;
			buildSettings = {
				CODE_SIGN_ENTITLEMENTS = "ReadLater Extension (iOS).entitlements";
				CODE_SIGN_STYLE = Automatic;
				CURRENT_PROJECT_VERSION = 30;
				DEVELOPMENT_TEAM = 95E9CZ9HW6;
				GENERATE_INFOPLIST_FILE = YES;
				INFOPLIST_FILE = "iOS (Extension)/Info.plist";
				INFOPLIST_KEY_CFBundleDisplayName = "ReadLater Extension";
				INFOPLIST_KEY_NSHumanReadableCopyright = "";
				IPHONEOS_DEPLOYMENT_TARGET = 17.6;
				LD_RUNPATH_SEARCH_PATHS = (
					"$(inherited)",
					"@executable_path/../Frameworks",
					"@executable_path/../../../../Frameworks",
				);
				MARKETING_VERSION = 1.0;
				OTHER_LDFLAGS = (
					"-framework",
					SafariServices,
				);
				PRODUCT_BUNDLE_IDENTIFIER = com.mdshear.ReadLater.Extension.iOS;
				PRODUCT_NAME = "$(TARGET_NAME)";
				REGISTER_APP_GROUPS = YES;
				SDKROOT = iphoneos;
				SKIP_INSTALL = YES;
				STRING_CATALOG_GENERATE_SYMBOLS = YES;
				SUPPORTED_PLATFORMS = "iphoneos iphonesimulator";
				SWIFT_APPROACHABLE_CONCURRENCY = YES;
				SWIFT_EMIT_LOC_STRINGS = YES;
				SWIFT_UPCOMING_FEATURE_MEMBER_IMPORT_VISIBILITY = YES;
				SWIFT_VERSION = 5.0;
				TARGETED_DEVICE_FAMILY = 1;
			};
			name = Release;
		};
/* End XCBuildConfiguration section */

/* Begin XCConfigurationList section */
		4C63CCD32FD0798F0095DCAE /* Build configuration list for PBXProject "ReadLater (iOS)" */ = {
			isa = XCConfigurationList;
			buildConfigurations = (
				4C63CD4C2FD079910095DCAE /* Debug */,
				4C63CD4D2FD079910095DCAE /* Release */,
			);
			defaultConfigurationIsVisible = 0;
			defaultConfigurationName = Release;
		};
		4C63CD3D2FD079910095DCAE /* Build configuration list for PBXNativeTarget "ReadLater (iOS)" */ = {
			isa = XCConfigurationList;
			buildConfigurations = (
				4C63CD3E2FD079910095DCAE /* Debug */,
				4C63CD3F2FD079910095DCAE /* Release */,
			);
			defaultConfigurationIsVisible = 0;
			defaultConfigurationName = Release;
		};
		4C63CDBC2FD0C5C50095DCAE /* Build configuration list for PBXNativeTarget "ReadLater Share" */ = {
			isa = XCConfigurationList;
			buildConfigurations = (
				4C63CDBD2FD0C5C50095DCAE /* Debug */,
				4C63CDBE2FD0C5C50095DCAE /* Release */,
			);
			defaultConfigurationIsVisible = 0;
			defaultConfigurationName = Release;
		};
		4C6E4A282FE6CD1F00D1DC24 /* Build configuration list for PBXNativeTarget "Read This Later WidgetExtension" */ = {
			isa = XCConfigurationList;
			buildConfigurations = (
				4C6E4A262FE6CD1F00D1DC24 /* Debug */,
				4C6E4A272FE6CD1F00D1DC24 /* Release */,
			);
			defaultConfigurationIsVisible = 0;
			defaultConfigurationName = Release;
		};
		79DDE15E2FFB0AA300F6A6BA /* Build configuration list for PBXNativeTarget "ReadLater Extension (iOS)" */ = {
			isa = XCConfigurationList;
			buildConfigurations = (
				79DDE15F2FFB0AA300F6A6BA /* Debug */,
				79DDE1602FFB0AA300F6A6BA /* Release */,
			);
			defaultConfigurationIsVisible = 0;
			defaultConfigurationName = Release;
		};
/* End XCConfigurationList section */
	};
	rootObject = 4C63CCD02FD0798F0095DCAE /* Project object */;
}
